
Microsoft Visual Studio Solution File, Format Version 12.00
Project("{FAE04EC0-301F-11D3-BF4B-00C04F79EFBC}") = "ServicesAPI", "ServicesAPI\ServicesAPI.csproj", "{43E53B0E-36D6-4090-A262-B4B046406D16}"
EndProject
Global
	GlobalSection(SolutionConfigurationPlatforms) = preSolution
		Debug|Any CPU = Debug|Any CPU
		Release|Any CPU = Release|Any CPU
	EndGlobalSection
	GlobalSection(ProjectConfigurationPlatforms) = postSolution
		{43E53B0E-36D6-4090-A262-B4B046406D16}.Debug|Any CPU.ActiveCfg = Debug|Any CPU
		{43E53B0E-36D6-4090-A262-B4B046406D16}.Debug|Any CPU.Build.0 = Debug|Any CPU
		{43E53B0E-36D6-4090-A262-B4B046406D16}.Release|Any CPU.ActiveCfg = Release|Any CPU
		{43E53B0E-36D6-4090-A262-B4B046406D16}.Release|Any CPU.Build.0 = Release|Any CPU
	EndGlobalSection
EndGlobal
